
Microsoft Visual Studio Solution File, Format Version 12.00
# Visual Studio Version 16
VisualStudioVersion = 16.0.30717.126
MinimumVisualStudioVersion = 10.0.40219.1
Project("{9A19103F-16F7-4668-BE54-9A1E7A4F7556}") = "day01-1", "day01-1\day01-1.csproj", "{D6E40891-2902-4132-AAD1-2E0A64075965}"
EndProject
Project("{9A19103F-16F7-4668-BE54-9A1E7A4F7556}") = "day01-2", "day01-2\day01-2.csproj", "{F7A4724F-EC5D-4C04-9AB1-DE4F2961BD42}"
EndProject
Project("{9A19103F-16F7-4668-BE54-9A1E7A4F7556}") = "day02-1", "day02-1\day02-1.csproj", "{6CFF2661-B547-49E7-BB9F-EA4E969CF5DA}"
EndProject
Project("{9A19103F-16F7-4668-BE54-9A1E7A4F7556}") = "day02-2", "day02-2\day02-2.csproj", "{241623FF-7F37-4ADC-B052-65E47D9258D1}"
EndProject
Project("{9A19103F-16F7-4668-BE54-9A1E7A4F7556}") = "day03-1", "day03-1\day03-1.csproj", "{833BB829-03FB-4CD3-9CEA-18DC99FFB94D}"
EndProject
Project("{9A19103F-16F7-4668-BE54-9A1E7A4F7556}") = "day03-2", "day03-2\day03-2.csproj", "{B5643509-B92F-4878-854E-D1D791BAFA85}"
EndProject
Project("{9A19103F-16F7-4668-BE54-9A1E7A4F7556}") = "day06", "day06\day06.csproj", "{04CCC270-685D-496A-8B52-23AAE0715984}"
EndProject
Project("{9A19103F-16F7-4668-BE54-9A1E7A4F7556}") = "day04", "day04\day04.csproj", "{FE969915-9511-4B19-8B94-77EF611E9988}"
EndProject
Project("{9A19103F-16F7-4668-BE54-9A1E7A4F7556}") = "day05", "day05\day05.csproj", "{393D42DD-97CF-43E9-909B-B03711AA8B06}"
EndProject
Project("{9A19103F-16F7-4668-BE54-9A1E7A4F7556}") = "day07", "day07\day07.csproj", "{A4BBAAE2-A8EC-444A-8984-EA178B058628}"
EndProject
Project("{9A19103F-16F7-4668-BE54-9A1E7A4F7556}") = "day08", "day08\day08.csproj", "{3337C1DB-1D3C-4C08-B72A-C6A9FDFF5CB6}"
EndProject
Project("{9A19103F-16F7-4668-BE54-9A1E7A4F7556}") = "AdventVirtualMachine", "AdventVirtualMachine\AdventVirtualMachine.csproj", "{2BCBEB56-22AD-47C4-9DE7-15CF1B272B91}"
EndProject
Project("{9A19103F-16F7-4668-BE54-9A1E7A4F7556}") = "day09", "day09\day09.csproj", "{33D40822-7F60-4D22-BB54-DB29BEB35156}"
EndProject
Project("{9A19103F-16F7-4668-BE54-9A1E7A4F7556}") = "day10", "day10\day10.csproj", "{3B8F990D-05D4-4294-9A56-AB3CBD03B634}"
EndProject
Project("{9A19103F-16F7-4668-BE54-9A1E7A4F7556}") = "day11", "day11\day11.csproj", "{F35680B5-F549-4A76-886B-AF60A0ACCF30}"
EndProject
Project("{9A19103F-16F7-4668-BE54-9A1E7A4F7556}") = "day12-2", "day12-2\day12-2.csproj", "{048AA772-8533-4D2A-9799-1800C84369FA}"
EndProject
Project("{9A19103F-16F7-4668-BE54-9A1E7A4F7556}") = "day12-1", "day12-1\day12-1.csproj", "{D5B82E5A-8741-4893-9424-3A73F413909D}"
EndProject
Project("{9A19103F-16F7-4668-BE54-9A1E7A4F7556}") = "day13-1", "day13-1\day13-1.csproj", "{C2547295-96D9-4658-8E54-8B5D3855A25B}"
EndProject
Project("{9A19103F-16F7-4668-BE54-9A1E7A4F7556}") = "day13-2", "day13-2\day13-2.csproj", "{333214D5-BD53-4E4F-8BFC-94F8C5306427}"
EndProject
Project("{9A19103F-16F7-4668-BE54-9A1E7A4F7556}") = "day14-1", "day14-1\day14-1.csproj", "{E9241E34-3471-44D3-8FAC-890337709E4E}"
EndProject
Project("{9A19103F-16F7-4668-BE54-9A1E7A4F7556}") = "day14-2", "day14-2\day14-2.csproj", "{4BCD3888-7424-4DD7-B22D-642073903540}"
EndProject
Project("{9A19103F-16F7-4668-BE54-9A1E7A4F7556}") = "Perf", "Perf\Perf.csproj", "{9DF4F4C8-42A2-4A36-AA28-53E07FB07036}"
EndProject
Project("{9A19103F-16F7-4668-BE54-9A1E7A4F7556}") = "day15", "day15\day15.csproj", "{08422D3C-090B-48B0-A6CD-0F3B2812B524}"
EndProject
Project("{9A19103F-16F7-4668-BE54-9A1E7A4F7556}") = "day16", "day16\day16.csproj", "{93480455-BD3C-40FC-9127-E9CB6D2CC57F}"
EndProject
Project("{9A19103F-16F7-4668-BE54-9A1E7A4F7556}") = "day17", "day17\day17.csproj", "{DF547086-CACF-4078-A9CA-F337410260D0}"
EndProject
Project("{FAE04EC0-301F-11D3-BF4B-00C04F79EFBC}") = "day18-1", "day18-1\day18-1.csproj", "{EE1EDC8C-2E3F-45E0-BFA3-B3C694F72EE8}"
EndProject
Project("{FAE04EC0-301F-11D3-BF4B-00C04F79EFBC}") = "day18-2", "day18-2\day18-2.csproj", "{6B0A3DEE-9BDB-4C40-8FA5-56BFE6AF823D}"
EndProject
Project("{FAE04EC0-301F-11D3-BF4B-00C04F79EFBC}") = "day19-1", "day19-1\day19-1.csproj", "{4C841F95-666F-41D3-AA8D-A1AEC0C9D667}"
EndProject
Project("{FAE04EC0-301F-11D3-BF4B-00C04F79EFBC}") = "day19-2", "day19-2\day19-2.csproj", "{B0222749-811C-437E-A618-692C64E5FA58}"
EndProject
Global
	GlobalSection(SolutionConfigurationPlatforms) = preSolution
		Debug|Any CPU = Debug|Any CPU
		Release|Any CPU = Release|Any CPU
	EndGlobalSection
	GlobalSection(ProjectConfigurationPlatforms) = postSolution
		{D6E40891-2902-4132-AAD1-2E0A64075965}.Debug|Any CPU.ActiveCfg = Debug|Any CPU
		{D6E40891-2902-4132-AAD1-2E0A64075965}.Debug|Any CPU.Build.0 = Debug|Any CPU
		{D6E40891-2902-4132-AAD1-2E0A64075965}.Release|Any CPU.ActiveCfg = Release|Any CPU
		{D6E40891-2902-4132-AAD1-2E0A64075965}.Release|Any CPU.Build.0 = Release|Any CPU
		{F7A4724F-EC5D-4C04-9AB1-DE4F2961BD42}.Debug|Any CPU.ActiveCfg = Debug|Any CPU
		{F7A4724F-EC5D-4C04-9AB1-DE4F2961BD42}.Debug|Any CPU.Build.0 = Debug|Any CPU
		{F7A4724F-EC5D-4C04-9AB1-DE4F2961BD42}.Release|Any CPU.ActiveCfg = Release|Any CPU
		{F7A4724F-EC5D-4C04-9AB1-DE4F2961BD42}.Release|Any CPU.Build.0 = Release|Any CPU
		{6CFF2661-B547-49E7-BB9F-EA4E969CF5DA}.Debug|Any CPU.ActiveCfg = Debug|Any CPU
		{6CFF2661-B547-49E7-BB9F-EA4E969CF5DA}.Debug|Any CPU.Build.0 = Debug|Any CPU
		{6CFF2661-B547-49E7-BB9F-EA4E969CF5DA}.Release|Any CPU.ActiveCfg = Release|Any CPU
		{6CFF2661-B547-49E7-BB9F-EA4E969CF5DA}.Release|Any CPU.Build.0 = Release|Any CPU
		{241623FF-7F37-4ADC-B052-65E47D9258D1}.Debug|Any CPU.ActiveCfg = Debug|Any CPU
		{241623FF-7F37-4ADC-B052-65E47D9258D1}.Debug|Any CPU.Build.0 = Debug|Any CPU
		{241623FF-7F37-4ADC-B052-65E47D9258D1}.Release|Any CPU.ActiveCfg = Release|Any CPU
		{241623FF-7F37-4ADC-B052-65E47D9258D1}.Release|Any CPU.Build.0 = Release|Any CPU
		{833BB829-03FB-4CD3-9CEA-18DC99FFB94D}.Debug|Any CPU.ActiveCfg = Debug|Any CPU
		{833BB829-03FB-4CD3-9CEA-18DC99FFB94D}.Debug|Any CPU.Build.0 = Debug|Any CPU
		{833BB829-03FB-4CD3-9CEA-18DC99FFB94D}.Release|Any CPU.ActiveCfg = Release|Any CPU
		{833BB829-03FB-4CD3-9CEA-18DC99FFB94D}.Release|Any CPU.Build.0 = Release|Any CPU
		{B5643509-B92F-4878-854E-D1D791BAFA85}.Debug|Any CPU.ActiveCfg = Debug|Any CPU
		{B5643509-B92F-4878-854E-D1D791BAFA85}.Debug|Any CPU.Build.0 = Debug|Any CPU
		{B5643509-B92F-4878-854E-D1D791BAFA85}.Release|Any CPU.ActiveCfg = Release|Any CPU
		{B5643509-B92F-4878-854E-D1D791BAFA85}.Release|Any CPU.Build.0 = Release|Any CPU
		{04CCC270-685D-496A-8B52-23AAE0715984}.Debug|Any CPU.ActiveCfg = Debug|Any CPU
		{04CCC270-685D-496A-8B52-23AAE0715984}.Debug|Any CPU.Build.0 = Debug|Any CPU
		{04CCC270-685D-496A-8B52-23AAE0715984}.Release|Any CPU.ActiveCfg = Release|Any CPU
		{04CCC270-685D-496A-8B52-23AAE0715984}.Release|Any CPU.Build.0 = Release|Any CPU
		{FE969915-9511-4B19-8B94-77EF611E9988}.Debug|Any CPU.ActiveCfg = Debug|Any CPU
		{FE969915-9511-4B19-8B94-77EF611E9988}.Debug|Any CPU.Build.0 = Debug|Any CPU
		{FE969915-9511-4B19-8B94-77EF611E9988}.Release|Any CPU.ActiveCfg = Release|Any CPU
		{FE969915-9511-4B19-8B94-77EF611E9988}.Release|Any CPU.Build.0 = Release|Any CPU
		{393D42DD-97CF-43E9-909B-B03711AA8B06}.Debug|Any CPU.ActiveCfg = Debug|Any CPU
		{393D42DD-97CF-43E9-909B-B03711AA8B06}.Debug|Any CPU.Build.0 = Debug|Any CPU
		{393D42DD-97CF-43E9-909B-B03711AA8B06}.Release|Any CPU.ActiveCfg = Release|Any CPU
		{393D42DD-97CF-43E9-909B-B03711AA8B06}.Release|Any CPU.Build.0 = Release|Any CPU
		{A4BBAAE2-A8EC-444A-8984-EA178B058628}.Debug|Any CPU.ActiveCfg = Debug|Any CPU
		{A4BBAAE2-A8EC-444A-8984-EA178B058628}.Debug|Any CPU.Build.0 = Debug|Any CPU
		{A4BBAAE2-A8EC-444A-8984-EA178B058628}.Release|Any CPU.ActiveCfg = Release|Any CPU
		{A4BBAAE2-A8EC-444A-8984-EA178B058628}.Release|Any CPU.Build.0 = Release|Any CPU
		{3337C1DB-1D3C-4C08-B72A-C6A9FDFF5CB6}.Debug|Any CPU.ActiveCfg = Debug|Any CPU
		{3337C1DB-1D3C-4C08-B72A-C6A9FDFF5CB6}.Debug|Any CPU.Build.0 = Debug|Any CPU
		{3337C1DB-1D3C-4C08-B72A-C6A9FDFF5CB6}.Release|Any CPU.ActiveCfg = Release|Any CPU
		{3337C1DB-1D3C-4C08-B72A-C6A9FDFF5CB6}.Release|Any CPU.Build.0 = Release|Any CPU
		{2BCBEB56-22AD-47C4-9DE7-15CF1B272B91}.Debug|Any CPU.ActiveCfg = Debug|Any CPU
		{2BCBEB56-22AD-47C4-9DE7-15CF1B272B91}.Debug|Any CPU.Build.0 = Debug|Any CPU
		{2BCBEB56-22AD-47C4-9DE7-15CF1B272B91}.Release|Any CPU.ActiveCfg = Release|Any CPU
		{2BCBEB56-22AD-47C4-9DE7-15CF1B272B91}.Release|Any CPU.Build.0 = Release|Any CPU
		{33D40822-7F60-4D22-BB54-DB29BEB35156}.Debug|Any CPU.ActiveCfg = Debug|Any CPU
		{33D40822-7F60-4D22-BB54-DB29BEB35156}.Debug|Any CPU.Build.0 = Debug|Any CPU
		{33D40822-7F60-4D22-BB54-DB29BEB35156}.Release|Any CPU.ActiveCfg = Release|Any CPU
		{33D40822-7F60-4D22-BB54-DB29BEB35156}.Release|Any CPU.Build.0 = Release|Any CPU
		{3B8F990D-05D4-4294-9A56-AB3CBD03B634}.Debug|Any CPU.ActiveCfg = Debug|Any CPU
		{3B8F990D-05D4-4294-9A56-AB3CBD03B634}.Debug|Any CPU.Build.0 = Debug|Any CPU
		{3B8F990D-05D4-4294-9A56-AB3CBD03B634}.Release|Any CPU.ActiveCfg = Release|Any CPU
		{3B8F990D-05D4-4294-9A56-AB3CBD03B634}.Release|Any CPU.Build.0 = Release|Any CPU
		{F35680B5-F549-4A76-886B-AF60A0ACCF30}.Debug|Any CPU.ActiveCfg = Debug|Any CPU
		{F35680B5-F549-4A76-886B-AF60A0ACCF30}.Debug|Any CPU.Build.0 = Debug|Any CPU
		{F35680B5-F549-4A76-886B-AF60A0ACCF30}.Release|Any CPU.ActiveCfg = Release|Any CPU
		{F35680B5-F549-4A76-886B-AF60A0ACCF30}.Release|Any CPU.Build.0 = Release|Any CPU
		{048AA772-8533-4D2A-9799-1800C84369FA}.Debug|Any CPU.ActiveCfg = Debug|Any CPU
		{048AA772-8533-4D2A-9799-1800C84369FA}.Debug|Any CPU.Build.0 = Debug|Any CPU
		{048AA772-8533-4D2A-9799-1800C84369FA}.Release|Any CPU.ActiveCfg = Release|Any CPU
		{048AA772-8533-4D2A-9799-1800C84369FA}.Release|Any CPU.Build.0 = Release|Any CPU
		{D5B82E5A-8741-4893-9424-3A73F413909D}.Debug|Any CPU.ActiveCfg = Debug|Any CPU
		{D5B82E5A-8741-4893-9424-3A73F413909D}.Debug|Any CPU.Build.0 = Debug|Any CPU
		{D5B82E5A-8741-4893-9424-3A73F413909D}.Release|Any CPU.ActiveCfg = Release|Any CPU
		{D5B82E5A-8741-4893-9424-3A73F413909D}.Release|Any CPU.Build.0 = Release|Any CPU
		{C2547295-96D9-4658-8E54-8B5D3855A25B}.Debug|Any CPU.ActiveCfg = Debug|Any CPU
		{C2547295-96D9-4658-8E54-8B5D3855A25B}.Debug|Any CPU.Build.0 = Debug|Any CPU
		{C2547295-96D9-4658-8E54-8B5D3855A25B}.Release|Any CPU.ActiveCfg = Release|Any CPU
		{C2547295-96D9-4658-8E54-8B5D3855A25B}.Release|Any CPU.Build.0 = Release|Any CPU
		{333214D5-BD53-4E4F-8BFC-94F8C5306427}.Debug|Any CPU.ActiveCfg = Debug|Any CPU
		{333214D5-BD53-4E4F-8BFC-94F8C5306427}.Debug|Any CPU.Build.0 = Debug|Any CPU
		{333214D5-BD53-4E4F-8BFC-94F8C5306427}.Release|Any CPU.ActiveCfg = Release|Any CPU
		{333214D5-BD53-4E4F-8BFC-94F8C5306427}.Release|Any CPU.Build.0 = Release|Any CPU
		{E9241E34-3471-44D3-8FAC-890337709E4E}.Debug|Any CPU.ActiveCfg = Debug|Any CPU
		{E9241E34-3471-44D3-8FAC-890337709E4E}.Debug|Any CPU.Build.0 = Debug|Any CPU
		{E9241E34-3471-44D3-8FAC-890337709E4E}.Release|Any CPU.ActiveCfg = Release|Any CPU
		{E9241E34-3471-44D3-8FAC-890337709E4E}.Release|Any CPU.Build.0 = Release|Any CPU
		{4BCD3888-7424-4DD7-B22D-642073903540}.Debug|Any CPU.ActiveCfg = Debug|Any CPU
		{4BCD3888-7424-4DD7-B22D-642073903540}.Debug|Any CPU.Build.0 = Debug|Any CPU
		{4BCD3888-7424-4DD7-B22D-642073903540}.Release|Any CPU.ActiveCfg = Release|Any CPU
		{4BCD3888-7424-4DD7-B22D-642073903540}.Release|Any CPU.Build.0 = Release|Any CPU
		{9DF4F4C8-42A2-4A36-AA28-53E07FB07036}.Debug|Any CPU.ActiveCfg = Debug|Any CPU
		{9DF4F4C8-42A2-4A36-AA28-53E07FB07036}.Debug|Any CPU.Build.0 = Debug|Any CPU
		{9DF4F4C8-42A2-4A36-AA28-53E07FB07036}.Release|Any CPU.ActiveCfg = Release|Any CPU
		{9DF4F4C8-42A2-4A36-AA28-53E07FB07036}.Release|Any CPU.Build.0 = Release|Any CPU
		{08422D3C-090B-48B0-A6CD-0F3B2812B524}.Debug|Any CPU.ActiveCfg = Debug|Any CPU
		{08422D3C-090B-48B0-A6CD-0F3B2812B524}.Debug|Any CPU.Build.0 = Debug|Any CPU
		{08422D3C-090B-48B0-A6CD-0F3B2812B524}.Release|Any CPU.ActiveCfg = Release|Any CPU
		{08422D3C-090B-48B0-A6CD-0F3B2812B524}.Release|Any CPU.Build.0 = Release|Any CPU
		{93480455-BD3C-40FC-9127-E9CB6D2CC57F}.Debug|Any CPU.ActiveCfg = Debug|Any CPU
		{93480455-BD3C-40FC-9127-E9CB6D2CC57F}.Debug|Any CPU.Build.0 = Debug|Any CPU
		{93480455-BD3C-40FC-9127-E9CB6D2CC57F}.Release|Any CPU.ActiveCfg = Release|Any CPU
		{93480455-BD3C-40FC-9127-E9CB6D2CC57F}.Release|Any CPU.Build.0 = Release|Any CPU
		{DF547086-CACF-4078-A9CA-F337410260D0}.Debug|Any CPU.ActiveCfg = Debug|Any CPU
		{DF547086-CACF-4078-A9CA-F337410260D0}.Debug|Any CPU.Build.0 = Debug|Any CPU
		{DF547086-CACF-4078-A9CA-F337410260D0}.Release|Any CPU.ActiveCfg = Release|Any CPU
		{DF547086-CACF-4078-A9CA-F337410260D0}.Release|Any CPU.Build.0 = Release|Any CPU
		{EE1EDC8C-2E3F-45E0-BFA3-B3C694F72EE8}.Debug|Any CPU.ActiveCfg = Debug|Any CPU
		{EE1EDC8C-2E3F-45E0-BFA3-B3C694F72EE8}.Debug|Any CPU.Build.0 = Debug|Any CPU
		{EE1EDC8C-2E3F-45E0-BFA3-B3C694F72EE8}.Release|Any CPU.ActiveCfg = Release|Any CPU
		{EE1EDC8C-2E3F-45E0-BFA3-B3C694F72EE8}.Release|Any CPU.Build.0 = Release|Any CPU
		{6B0A3DEE-9BDB-4C40-8FA5-56BFE6AF823D}.Debug|Any CPU.ActiveCfg = Debug|Any CPU
		{6B0A3DEE-9BDB-4C40-8FA5-56BFE6AF823D}.Debug|Any CPU.Build.0 = Debug|Any CPU
		{6B0A3DEE-9BDB-4C40-8FA5-56BFE6AF823D}.Release|Any CPU.ActiveCfg = Release|Any CPU
		{6B0A3DEE-9BDB-4C40-8FA5-56BFE6AF823D}.Release|Any CPU.Build.0 = Release|Any CPU
		{4C841F95-666F-41D3-AA8D-A1AEC0C9D667}.Debug|Any CPU.ActiveCfg = Debug|Any CPU
		{4C841F95-666F-41D3-AA8D-A1AEC0C9D667}.Debug|Any CPU.Build.0 = Debug|Any CPU
		{4C841F95-666F-41D3-AA8D-A1AEC0C9D667}.Release|Any CPU.ActiveCfg = Release|Any CPU
		{4C841F95-666F-41D3-AA8D-A1AEC0C9D667}.Release|Any CPU.Build.0 = Release|Any CPU
		{B0222749-811C-437E-A618-692C64E5FA58}.Debug|Any CPU.ActiveCfg = Debug|Any CPU
		{B0222749-811C-437E-A618-692C64E5FA58}.Debug|Any CPU.Build.0 = Debug|Any CPU
		{B0222749-811C-437E-A618-692C64E5FA58}.Release|Any CPU.ActiveCfg = Release|Any CPU
		{B0222749-811C-437E-A618-692C64E5FA58}.Release|Any CPU.Build.0 = Release|Any CPU
	EndGlobalSection
	GlobalSection(SolutionProperties) = preSolution
		HideSolutionNode = FALSE
	EndGlobalSection
	GlobalSection(ExtensibilityGlobals) = postSolution
		SolutionGuid = {CE097333-C3DF-475B-BBF1-71C7835FBE2C}
	EndGlobalSection
EndGlobal
